// !$*UTF8*$!
{
	archiveVersion = 1;
	classes = {
	};
	objectVersion = 46;
	objects = {

/* Begin PBXBuildFile section */
		57DFC92D1DFF30A0004D47BB /* main.swift in Sources */ = {isa = PBXBuildFile; fileRef = 57DFC92C1DFF30A0004D47BB /* main.swift */; };
		57DFC9341DFF5050004D47BB /* CircularBuffer.swift in Sources */ = {isa = PBXBuildFile; fileRef = 57DFC9331DFF5050004D47BB /* CircularBuffer.swift */; };
		57DFC94A1DFF5185004D47BB /* CircularBufferTests.swift in Sources */ = {isa = PBXBuildFile; fileRef = 57DFC9491DFF5185004D47BB /* CircularBufferTests.swift */; };
		57DFC94F1DFF534D004D47BB /* CircularBuffer.swift in Sources */ = {isa = PBXBuildFile; fileRef = 57DFC9331DFF5050004D47BB /* CircularBuffer.swift */; };
/* End PBXBuildFile section */

/* Begin PBXCopyFilesBuildPhase section */
		57DFC9271DFF30A0004D47BB /* CopyFiles */ = {
			isa = PBXCopyFilesBuildPhase;
			buildActionMask = 2147483647;
			dstPath = /usr/share/man/man1/;
			dstSubfolderSpec = 0;
			files = (
			);
			runOnlyForDeploymentPostprocessing = 1;
		};
/* End PBXCopyFilesBuildPhase section */

/* Begin PBXFileReference section */
		57DFC9291DFF30A0004D47BB /* CircularBuffer */ = {isa = PBXFileReference; explicitFileType = "compiled.mach-o.executable"; includeInIndex = 0; path = CircularBuffer; sourceTree = BUILT_PRODUCTS_DIR; };
		57DFC92C1DFF30A0004D47BB /* main.swift */ = {isa = PBXFileReference; lastKnownFileType = sourcecode.swift; path = main.swift; sourceTree = "<group>"; };
		57DFC9331DFF5050004D47BB /* CircularBuffer.swift */ = {isa = PBXFileReference; fileEncoding = 4; lastKnownFileType = sourcecode.swift; path = CircularBuffer.swift; sourceTree = "<group>"; };
		57DFC9471DFF5185004D47BB /* CircularBufferTests.xctest */ = {isa = PBXFileReference; explicitFileType = wrapper.cfbundle; includeInIndex = 0; path = CircularBufferTests.xctest; sourceTree = BUILT_PRODUCTS_DIR; };
		57DFC9491DFF5185004D47BB /* CircularBufferTests.swift */ = {isa = PBXFileReference; lastKnownFileType = sourcecode.swift; path = CircularBufferTests.swift; sourceTree = "<group>"; };
		57DFC94B1DFF5185004D47BB /* Info.plist */ = {isa = PBXFileReference; lastKnownFileType = text.plist.xml; path = Info.plist; sourceTree = "<group>"; };
/* End PBXFileReference section */

/* Begin PBXFrameworksBuildPhase section */
		57DFC9261DFF30A0004D47BB /* Frameworks */ = {
			isa = PBXFrameworksBuildPhase;
			buildActionMask = 2147483647;
			files = (
			);
			runOnlyForDeploymentPostprocessing = 0;
		};
		57DFC9441DFF5185004D47BB /* Frameworks */ = {
			isa = PBXFrameworksBuildPhase;
			buildActionMask = 2147483647;
			files = (
			);
			runOnlyForDeploymentPostprocessing = 0;
		};
/* End PBXFrameworksBuildPhase section */

/* Begin PBXGroup section */
		57DFC9201DFF30A0004D47BB = {
			isa = PBXGroup;
			children = (
				57DFC92B1DFF30A0004D47BB /* CircularBuffer */,
				57DFC9481DFF5185004D47BB /* CircularBufferTests */,
				57DFC92A1DFF30A0004D47BB /* Products */,
			);
			sourceTree = "<group>";
		};
		57DFC92A1DFF30A0004D47BB /* Products */ = {
			isa = PBXGroup;
			children = (
				57DFC9291DFF30A0004D47BB /* CircularBuffer */,
				57DFC9471DFF5185004D47BB /* CircularBufferTests.xctest */,
			);
			name = Products;
			sourceTree = "<group>";
		};
		57DFC92B1DFF30A0004D47BB /* CircularBuffer */ = {
			isa = PBXGroup;
			children = (
				57DFC92C1DFF30A0004D47BB /* main.swift */,
				57DFC9331DFF5050004D47BB /* CircularBuffer.swift */,
			);
			path = CircularBuffer;
			sourceTree = "<group>";
		};
		57DFC9481DFF5185004D47BB /* CircularBufferTests */ = {
			isa = PBXGroup;
			children = (
				57DFC9491DFF5185004D47BB /* CircularBufferTests.swift */,
				57DFC94B1DFF5185004D47BB /* Info.plist */,
			);
			path = CircularBufferTests;
			sourceTree = "<group>";
		};
/* End PBXGroup section */

/* Begin PBXNativeTarget section */
		57DFC9281DFF30A0004D47BB /* CircularBuffer */ = {
			isa = PBXNativeTarget;
			buildConfigurationList = 57DFC9301DFF30A0004D47BB /* Build configuration list for PBXNativeTarget "CircularBuffer" */;
			buildPhases = (
				57DFC9251DFF30A0004D47BB /* Sources */,
				57DFC9261DFF30A0004D47BB /* Frameworks */,
				57DFC9271DFF30A0004D47BB /* CopyFiles */,
			);
			buildRules = (
			);
			dependencies = (
			);
			name = CircularBuffer;
			productName = CircularBuffer;
			productReference = 57DFC9291DFF30A0004D47BB /* CircularBuffer */;
			productType = "com.apple.product-type.tool";
		};
		57DFC9461DFF5185004D47BB /* CircularBufferTests */ = {
			isa = PBXNativeTarget;
			buildConfigurationList = 57DFC94C1DFF5185004D47BB /* Build configuration list for PBXNativeTarget "CircularBufferTests" */;
			buildPhases = (
				57DFC9431DFF5185004D47BB /* Sources */,
				57DFC9441DFF5185004D47BB /* Frameworks */,
				57DFC9451DFF5185004D47BB /* Resources */,
			);
			buildRules = (
			);
			dependencies = (
			);
			name = CircularBufferTests;
			productName = CircularBufferTests;
			productReference = 57DFC9471DFF5185004D47BB /* CircularBufferTests.xctest */;
			productType = "com.apple.product-type.bundle.unit-test";
		};
/* End PBXNativeTarget section */

/* Begin PBXProject section */
		57DFC9211DFF30A0004D47BB /* Project object */ = {
			isa = PBXProject;
			attributes = {
				LastSwiftUpdateCheck = 0810;
				LastUpgradeCheck = 0810;
				ORGANIZATIONNAME = "Marcio Klepacz";
				TargetAttributes = {
					57DFC9281DFF30A0004D47BB = {
						CreatedOnToolsVersion = 8.1;
						ProvisioningStyle = Automatic;
					};
					57DFC9461DFF5185004D47BB = {
						CreatedOnToolsVersion = 8.1;
						ProvisioningStyle = Automatic;
					};
				};
			};
			buildConfigurationList = 57DFC9241DFF30A0004D47BB /* Build configuration list for PBXProject "CircularBuffer" */;
			compatibilityVersion = "Xcode 3.2";
			developmentRegion = English;
			hasScannedForEncodings = 0;
			knownRegions = (
				en,
			);
			mainGroup = 57DFC9201DFF30A0004D47BB;
			productRefGroup = 57DFC92A1DFF30A0004D47BB /* Products */;
			projectDirPath = "";
			projectRoot = "";
			targets = (
				57DFC9281DFF30A0004D47BB /* CircularBuffer */,
				57DFC9461DFF5185004D47BB /* CircularBufferTests */,
			);
		};
/* End PBXProject section */

/* Begin PBXResourcesBuildPhase section */
		57DFC9451DFF5185004D47BB /* Resources */ = {
			isa = PBXResourcesBuildPhase;
			buildActionMask = 2147483647;
			files = (
			);
			runOnlyForDeploymentPostprocessing = 0;
		};
/* End PBXResourcesBuildPhase section */

/* Begin PBXSourcesBuildPhase section */
		57DFC9251DFF30A0004D47BB /* Sources */ = {
			isa = PBXSourcesBuildPhase;
			buildActionMask = 2147483647;
			files = (
				57DFC9341DFF5050004D47BB /* CircularBuffer.swift in Sources */,
				57DFC92D1DFF30A0004D47BB /* main.swift in Sources */,
			);
			runOnlyForDeploymentPostprocessing = 0;
		};
		57DFC9431DFF5185004D47BB /* Sources */ = {
			isa = PBXSourcesBuildPhase;
			buildActionMask = 2147483647;
			files = (
				57DFC94F1DFF534D004D47BB /* CircularBuffer.swift in Sources */,
				57DFC94A1DFF5185004D47BB /* CircularBufferTests.swift in Sources */,
			);
			runOnlyForDeploymentPostprocessing = 0;
		};
/* End PBXSourcesBuildPhase section */

/* Begin XCBuildConfiguration section */
		57DFC92E1DFF30A0004D47BB /* Debug */ = {
			isa = XCBuildConfiguration;
			buildSettings = {
				ALWAYS_SEARCH_USER_PATHS = NO;
				CLANG_ANALYZER_NONNULL = YES;
				CLANG_CXX_LANGUAGE_STANDARD = "gnu++0x";
				CLANG_CXX_LIBRARY = "libc++";
				CLANG_ENABLE_MODULES = YES;
				CLANG_ENABLE_OBJC_ARC = YES;
				CLANG_WARN_BOOL_CONVERSION = YES;
				CLANG_WARN_CONSTANT_CONVERSION = YES;
				CLANG_WARN_DIRECT_OBJC_ISA_USAGE = YES_ERROR;
				CLANG_WARN_DOCUMENTATION_COMMENTS = YES;
				CLANG_WARN_EMPTY_BODY = YES;
				CLANG_WARN_ENUM_CONVERSION = YES;
				CLANG_WARN_INFINITE_RECURSION = YES;
				CLANG_WARN_INT_CONVERSION = YES;
				CLANG_WARN_OBJC_ROOT_CLASS = YES_ERROR;
				CLANG_WARN_SUSPICIOUS_MOVES = YES;
				CLANG_WARN_UNREACHABLE_CODE = YES;
				CLANG_WARN__DUPLICATE_METHOD_MATCH = YES;
				CODE_SIGN_IDENTITY = "-";
				COPY_PHASE_STRIP = NO;
				DEBUG_INFORMATION_FORMAT = dwarf;
				ENABLE_STRICT_OBJC_MSGSEND = YES;
				ENABLE_TESTABILITY = YES;
				GCC_C_LANGUAGE_STANDARD = gnu99;
				GCC_DYNAMIC_NO_PIC = NO;
				GCC_NO_COMMON_BLOCKS = YES;
				GCC_OPTIMIZATION_LEVEL = 0;
				GCC_PREPROCESSOR_DEFINITIONS = (
					"DEBUG=1",
					"$(inherited)",
				);
				GCC_WARN_64_TO_32_BIT_CONVERSION = YES;
				GCC_WARN_ABOUT_RETURN_TYPE = YES_ERROR;
				GCC_WARN_UNDECLARED_SELECTOR = YES;
				GCC_WARN_UNINITIALIZED_AUTOS = YES_AGGRESSIVE;
				GCC_WARN_UNUSED_FUNCTION = YES;
				GCC_WARN_UNUSED_VARIABLE = YES;
				MACOSX_DEPLOYMENT_TARGET = 10.12;
				MTL_ENABLE_DEBUG_INFO = YES;
				ONLY_ACTIVE_ARCH = YES;
				SDKROOT = macosx;
				SWIFT_OPTIMIZATION_LEVEL = "-Onone";
			};
			name = Debug;
		};
		57DFC92F1DFF30A0004D47BB /* Release */ = {
			isa = XCBuildConfiguration;
			buildSettings = {
				ALWAYS_SEARCH_USER_PATHS = NO;
				CLANG_ANALYZER_NONNULL = YES;
				CLANG_CXX_LANGUAGE_STANDARD = "gnu++0x";
				CLANG_CXX_LIBRARY = "libc++";
				CLANG_ENABLE_MODULES = YES;
				CLANG_ENABLE_OBJC_ARC = YES;
				CLANG_WARN_BOOL_CONVERSION = YES;
				CLANG_WARN_CONSTANT_CONVERSION = YES;
				CLANG_WARN_DIRECT_OBJC_ISA_USAGE = YES_ERROR;
				CLANG_WARN_DOCUMENTATION_COMMENTS = YES;
				CLANG_WARN_EMPTY_BODY = YES;
				CLANG_WARN_ENUM_CONVERSION = YES;
				CLANG_WARN_INFINITE_RECURSION = YES;
				CLANG_WARN_INT_CONVERSION = YES;
				CLANG_WARN_OBJC_ROOT_CLASS = YES_ERROR;
				CLANG_WARN_SUSPICIOUS_MOVES = YES;
				CLANG_WARN_UNREACHABLE_CODE = YES;
				CLANG_WARN__DUPLICATE_METHOD_MATCH = YES;
				CODE_SIGN_IDENTITY = "-";
				COPY_PHASE_STRIP = NO;
				DEBUG_INFORMATION_FORMAT = "dwarf-with-dsym";
				ENABLE_NS_ASSERTIONS = NO;
				ENABLE_STRICT_OBJC_MSGSEND = YES;
				GCC_C_LANGUAGE_STANDARD = gnu99;
				GCC_NO_COMMON_BLOCKS = YES;
				GCC_WARN_64_TO_32_BIT_CONVERSION = YES;
				GCC_WARN_ABOUT_RETURN_TYPE = YES_ERROR;
				GCC_WARN_UNDECLARED_SELECTOR = YES;
				GCC_WARN_UNINITIALIZED_AUTOS = YES_AGGRESSIVE;
				GCC_WARN_UNUSED_FUNCTION = YES;
				GCC_WARN_UNUSED_VARIABLE = YES;
				MACOSX_DEPLOYMENT_TARGET = 10.12;
				MTL_ENABLE_DEBUG_INFO = NO;
				SDKROOT = macosx;
			};
			name = Release;
		};
		57DFC9311DFF30A0004D47BB /* Debug */ = {
			isa = XCBuildConfiguration;
			buildSettings = {
				PRODUCT_NAME = "$(TARGET_NAME)";
				SWIFT_VERSION = 3.0;
			};
			name = Debug;
		};
		57DFC9321DFF30A0004D47BB /* Release */ = {
			isa = XCBuildConfiguration;
			buildSettings = {
				PRODUCT_NAME = "$(TARGET_NAME)";
				SWIFT_VERSION = 3.0;
			};
			name = Release;
		};
		57DFC94D1DFF5185004D47BB /* Debug */ = {
			isa = XCBuildConfiguration;
			buildSettings = {
				COMBINE_HIDPI_IMAGES = YES;
				INFOPLIST_FILE = CircularBufferTests/Info.plist;
				LD_RUNPATH_SEARCH_PATHS = "$(inherited) @executable_path/../Frameworks @loader_path/../Frameworks";
				PRODUCT_BUNDLE_IDENTIFIER = Marciok.CircularBufferTests;
				PRODUCT_NAME = "$(TARGET_NAME)";
				SWIFT_ACTIVE_COMPILATION_CONDITIONS = DEBUG;
				SWIFT_VERSION = 3.0;
			};
			name = Debug;
		};
		57DFC94E1DFF5185004D47BB /* Release */ = {
			isa = XCBuildConfiguration;
			buildSettings = {
				COMBINE_HIDPI_IMAGES = YES;
				INFOPLIST_FILE = CircularBufferTests/Info.plist;
				LD_RUNPATH_SEARCH_PATHS = "$(inherited) @executable_path/../Frameworks @loader_path/../Frameworks";
				PRODUCT_BUNDLE_IDENTIFIER = Marciok.CircularBufferTests;
				PRODUCT_NAME = "$(TARGET_NAME)";
				SWIFT_OPTIMIZATION_LEVEL = "-Owholemodule";
				SWIFT_VERSION = 3.0;
			};
			name = Release;
		};
/* End XCBuildConfiguration section */

/* Begin XCConfigurationList section */
		57DFC9241DFF30A0004D47BB /* Build configuration list for PBXProject "CircularBuffer" */ = {
			isa = XCConfigurationList;
			buildConfigurations = (
				57DFC92E1DFF30A0004D47BB /* Debug */,
				57DFC92F1DFF30A0004D47BB /* Release */,
			);
			defaultConfigurationIsVisible = 0;
			defaultConfigurationName = Release;
		};
		57DFC9301DFF30A0004D47BB /* Build configuration list for PBXNativeTarget "CircularBuffer" */ = {
			isa = XCConfigurationList;
			buildConfigurations = (
				57DFC9311DFF30A0004D47BB /* Debug */,
				57DFC9321DFF30A0004D47BB /* Release */,
			);
			defaultConfigurationIsVisible = 0;
		};
		57DFC94C1DFF5185004D47BB /* Build configuration list for PBXNativeTarget "CircularBufferTests" */ = {
			isa = XCConfigurationList;
			buildConfigurations = (
				57DFC94D1DFF5185004D47BB /* Debug */,
				57DFC94E1DFF5185004D47BB /* Release */,
			);
			defaultConfigurationIsVisible = 0;
		};
/* End XCConfigurationList section */
	};
	rootObject = 57DFC9211DFF30A0004D47BB /* Project object */;
}
